
Microsoft Visual Studio Solution File, Format Version 12.00
# Visual Studio Version 17
VisualStudioVersion = 17.11.35312.102
MinimumVisualStudioVersion = 10.0.40219.1
Project("{FAE04EC0-301F-11D3-BF4B-00C04F79EFBC}") = "QuanLiCuaHang", "QuanLiCuaHang.csproj", "{57452E37-A5CA-4A90-9F0A-5862B2B4E254}"
EndProject
Global
	GlobalSection(SolutionConfigurationPlatforms) = preSolution
		Debug|Any CPU = Debug|Any CPU
		Release|Any CPU = Release|Any CPU
	EndGlobalSection
	GlobalSection(ProjectConfigurationPlatforms) = postSolution
		{57452E37-A5CA-4A90-9F0A-5862B2B4E254}.Debug|Any CPU.ActiveCfg = Debug|Any CPU
		{57452E37-A5CA-4A90-9F0A-5862B2B4E254}.Debug|Any CPU.Build.0 = Debug|Any CPU
		{57452E37-A5CA-4A90-9F0A-5862B2B4E254}.Release|Any CPU.ActiveCfg = Release|Any CPU
		{57452E37-A5CA-4A90-9F0A-5862B2B4E254}.Release|Any CPU.Build.0 = Release|Any CPU
	EndGlobalSection
	GlobalSection(SolutionProperties) = preSolution
		HideSolutionNode = FALSE
	EndGlobalSection
	GlobalSection(ExtensibilityGlobals) = postSolution
		SolutionGuid = {E149C580-CBAE-469B-9EC0-C5C2F92CF8CD}
	EndGlobalSection
EndGlobal
